{
    "_meta": {
        "hash": {
            "sha256": "58fac84001d1edc2a232e9ffa30ac40edab2208823603334fecee6099486c1c5"
        },
        "pipfile-spec": 6,
        "requires": {
            "python_version": "3.12"
        },
        "sources": [
            {
                "name": "pypi",
                "url": "https://pypi.org/simple",
                "verify_ssl": true
            }
        ]
    },
    "default": {
        "curio-compat": {
            "hashes": [
                "sha256:c7d38214aa8cf48dd4d7c1502b96c2343965fd3292f1cd711cb9b6e7b83963b4"
            ],
            "index": "pypi",
            "markers": "python_version >= '3.8'",
            "version": "==1.6.7"
        }
    },
    "develop": {}
}
